
Microsoft Visual Studio Solution File, Format Version 12.00
# Visual Studio Version 16
VisualStudioVersion = 16.0.29306.81
MinimumVisualStudioVersion = 10.0.40219.1
Project("{FAE04EC0-301F-11D3-BF4B-00C04F79EFBC}") = "FirstProject", "FirstProject\FirstProject.csproj", "{5CCC61AB-C8B3-4C7E-81A2-F2FF6F648BEE}"
EndProject
Global
	GlobalSection(SolutionConfigurationPlatforms) = preSolution
		Debug|Any CPU = Debug|Any CPU
		Release|Any CPU = Release|Any CPU
	EndGlobalSection
	GlobalSection(ProjectConfigurationPlatforms) = postSolution
		{5CCC61AB-C8B3-4C7E-81A2-F2FF6F648BEE}.Debug|Any CPU.ActiveCfg = Debug|Any CPU
		{5CCC61AB-C8B3-4C7E-81A2-F2FF6F648BEE}.Debug|Any CPU.Build.0 = Debug|Any CPU
		{5CCC61AB-C8B3-4C7E-81A2-F2FF6F648BEE}.Release|Any CPU.ActiveCfg = Release|Any CPU
		{5CCC61AB-C8B3-4C7E-81A2-F2FF6F648BEE}.Release|Any CPU.Build.0 = Release|Any CPU
	EndGlobalSection
	GlobalSection(SolutionProperties) = preSolution
		HideSolutionNode = FALSE
	EndGlobalSection
	GlobalSection(ExtensibilityGlobals) = postSolution
		SolutionGuid = {7B3BF2F5-FE07-4F1E-9C96-B5521EB04017}
	EndGlobalSection
EndGlobal
